
Microsoft Visual Studio Solution File, Format Version 12.00
# Visual Studio Version 17
VisualStudioVersion = 17.5.33502.453
MinimumVisualStudioVersion = 10.0.40219.1
Project("{9A19103F-16F7-4668-BE54-9A1E7A4F7556}") = "CSH07", "CSH07\CSH07.csproj", "{A59D5A7C-611B-443A-9AAB-92285DD78E8F}"
EndProject
Project("{9A19103F-16F7-4668-BE54-9A1E7A4F7556}") = "CSHlibrary", "CSHlibrary\CSHlibrary.csproj", "{6E8A6B36-67E5-486C-89C1-586DD94C132A}"
EndProject
Project("{9A19103F-16F7-4668-BE54-9A1E7A4F7556}") = "Lection2_1", "Lection2_1\Lection2_1.csproj", "{94DDF909-AFA4-407A-88B4-268B73598A53}"
EndProject
Project("{FAE04EC0-301F-11D3-BF4B-00C04F79EFBC}") = "Lektion2_2", "Lektion2_2\Lektion2_2.csproj", "{87FE65CC-E978-43FA-A085-9DDE6D224D3E}"
EndProject
Project("{FAE04EC0-301F-11D3-BF4B-00C04F79EFBC}") = "Lektion2_3", "Lektion2_3\Lektion2_3.csproj", "{4F1361B3-5963-49EB-9759-BEF68A731DEF}"
EndProject
Global
	GlobalSection(SolutionConfigurationPlatforms) = preSolution
		Debug|Any CPU = Debug|Any CPU
		Release|Any CPU = Release|Any CPU
	EndGlobalSection
	GlobalSection(ProjectConfigurationPlatforms) = postSolution
		{A59D5A7C-611B-443A-9AAB-92285DD78E8F}.Debug|Any CPU.ActiveCfg = Debug|Any CPU
		{A59D5A7C-611B-443A-9AAB-92285DD78E8F}.Debug|Any CPU.Build.0 = Debug|Any CPU
		{A59D5A7C-611B-443A-9AAB-92285DD78E8F}.Release|Any CPU.ActiveCfg = Release|Any CPU
		{A59D5A7C-611B-443A-9AAB-92285DD78E8F}.Release|Any CPU.Build.0 = Release|Any CPU
		{6E8A6B36-67E5-486C-89C1-586DD94C132A}.Debug|Any CPU.ActiveCfg = Debug|Any CPU
		{6E8A6B36-67E5-486C-89C1-586DD94C132A}.Debug|Any CPU.Build.0 = Debug|Any CPU
		{6E8A6B36-67E5-486C-89C1-586DD94C132A}.Release|Any CPU.ActiveCfg = Release|Any CPU
		{6E8A6B36-67E5-486C-89C1-586DD94C132A}.Release|Any CPU.Build.0 = Release|Any CPU
		{94DDF909-AFA4-407A-88B4-268B73598A53}.Debug|Any CPU.ActiveCfg = Debug|Any CPU
		{94DDF909-AFA4-407A-88B4-268B73598A53}.Debug|Any CPU.Build.0 = Debug|Any CPU
		{94DDF909-AFA4-407A-88B4-268B73598A53}.Release|Any CPU.ActiveCfg = Release|Any CPU
		{94DDF909-AFA4-407A-88B4-268B73598A53}.Release|Any CPU.Build.0 = Release|Any CPU
		{87FE65CC-E978-43FA-A085-9DDE6D224D3E}.Debug|Any CPU.ActiveCfg = Debug|Any CPU
		{87FE65CC-E978-43FA-A085-9DDE6D224D3E}.Debug|Any CPU.Build.0 = Debug|Any CPU
		{87FE65CC-E978-43FA-A085-9DDE6D224D3E}.Release|Any CPU.ActiveCfg = Release|Any CPU
		{87FE65CC-E978-43FA-A085-9DDE6D224D3E}.Release|Any CPU.Build.0 = Release|Any CPU
		{4F1361B3-5963-49EB-9759-BEF68A731DEF}.Debug|Any CPU.ActiveCfg = Debug|Any CPU
		{4F1361B3-5963-49EB-9759-BEF68A731DEF}.Debug|Any CPU.Build.0 = Debug|Any CPU
		{4F1361B3-5963-49EB-9759-BEF68A731DEF}.Release|Any CPU.ActiveCfg = Release|Any CPU
		{4F1361B3-5963-49EB-9759-BEF68A731DEF}.Release|Any CPU.Build.0 = Release|Any CPU
	EndGlobalSection
	GlobalSection(SolutionProperties) = preSolution
		HideSolutionNode = FALSE
	EndGlobalSection
	GlobalSection(ExtensibilityGlobals) = postSolution
		SolutionGuid = {00D89DE3-B6B0-47C2-8C55-1697C119EE05}
	EndGlobalSection
EndGlobal
